// !$*UTF8*$!
{
	archiveVersion = 1;
	classes = {
	};
	objectVersion = 50;
	objects = {

/* Begin PBXBuildFile section */
		884F49F6267D2C8E009B9CCC /* AppDelegate.swift in Sources */ = {isa = PBXBuildFile; fileRef = 884F49F5267D2C8E009B9CCC /* AppDelegate.swift */; };
		884F49F8267D2C8E009B9CCC /* SceneDelegate.swift in Sources */ = {isa = PBXBuildFile; fileRef = 884F49F7267D2C8E009B9CCC /* SceneDelegate.swift */; };
		884F49FA267D2C8E009B9CCC /* ViewController.swift in Sources */ = {isa = PBXBuildFile; fileRef = 884F49F9267D2C8E009B9CCC /* ViewController.swift */; };
		884F49FD267D2C8E009B9CCC /* Main.storyboard in Resources */ = {isa = PBXBuildFile; fileRef = 884F49FB267D2C8E009B9CCC /* Main.storyboard */; };
		884F49FF267D2C90009B9CCC /* Assets.xcassets in Resources */ = {isa = PBXBuildFile; fileRef = 884F49FE267D2C90009B9CCC /* Assets.xcassets */; };
		884F4A02267D2C90009B9CCC /* LaunchScreen.storyboard in Resources */ = {isa = PBXBuildFile; fileRef = 884F4A00267D2C90009B9CCC /* LaunchScreen.storyboard */; };
/* End PBXBuildFile section */

/* Begin PBXFileReference section */
		884F49F2267D2C8E009B9CCC /* PriceBitcoin.app */ = {isa = PBXFileReference; explicitFileType = wrapper.application; includeInIndex = 0; path = PriceBitcoin.app; sourceTree = BUILT_PRODUCTS_DIR; };
		884F49F5267D2C8E009B9CCC /* AppDelegate.swift */ = {isa = PBXFileReference; lastKnownFileType = sourcecode.swift; path = AppDelegate.swift; sourceTree = "<group>"; };
		884F49F7267D2C8E009B9CCC /* SceneDelegate.swift */ = {isa = PBXFileReference; lastKnownFileType = sourcecode.swift; path = SceneDelegate.swift; sourceTree = "<group>"; };
		884F49F9267D2C8E009B9CCC /* ViewController.swift */ = {isa = PBXFileReference; lastKnownFileType = sourcecode.swift; path = ViewController.swift; sourceTree = "<group>"; };
		884F49FC267D2C8E009B9CCC /* Base */ = {isa = PBXFileReference; lastKnownFileType = file.storyboard; name = Base; path = Base.lproj/Main.storyboard; sourceTree = "<group>"; };
		884F49FE267D2C90009B9CCC /* Assets.xcassets */ = {isa = PBXFileReference; lastKnownFileType = folder.assetcatalog; path = Assets.xcassets; sourceTree = "<group>"; };
		884F4A01267D2C90009B9CCC /* Base */ = {isa = PBXFileReference; lastKnownFileType = file.storyboard; name = Base; path = Base.lproj/LaunchScreen.storyboard; sourceTree = "<group>"; };
		884F4A03267D2C90009B9CCC /* Info.plist */ = {isa = PBXFileReference; lastKnownFileType = text.plist.xml; path = Info.plist; sourceTree = "<group>"; };
/* End PBXFileReference section */

/* Begin PBXFrameworksBuildPhase section */
		884F49EF267D2C8E009B9CCC /* Frameworks */ = {
			isa = PBXFrameworksBuildPhase;
			buildActionMask = 2147483647;
			files = (
			);
			runOnlyForDeploymentPostprocessing = 0;
		};
/* End PBXFrameworksBuildPhase section */

/* Begin PBXGroup section */
		884F49E9267D2C8E009B9CCC = {
			isa = PBXGroup;
			children = (
				884F49F4267D2C8E009B9CCC /* PriceBitcoin */,
				884F49F3267D2C8E009B9CCC /* Products */,
			);
			sourceTree = "<group>";
		};
		884F49F3267D2C8E009B9CCC /* Products */ = {
			isa = PBXGroup;
			children = (
				884F49F2267D2C8E009B9CCC /* PriceBitcoin.app */,
			);
			name = Products;
			sourceTree = "<group>";
		};
		884F49F4267D2C8E009B9CCC /* PriceBitcoin */ = {
			isa = PBXGroup;
			children = (
				884F49F5267D2C8E009B9CCC /* AppDelegate.swift */,
				884F49F7267D2C8E009B9CCC /* SceneDelegate.swift */,
				884F49F9267D2C8E009B9CCC /* ViewController.swift */,
				884F49FB267D2C8E009B9CCC /* Main.storyboard */,
				884F49FE267D2C90009B9CCC /* Assets.xcassets */,
				884F4A00267D2C90009B9CCC /* LaunchScreen.storyboard */,
				884F4A03267D2C90009B9CCC /* Info.plist */,
			);
			path = PriceBitcoin;
			sourceTree = "<group>";
		};
/* End PBXGroup section */

/* Begin PBXNativeTarget section */
		884F49F1267D2C8E009B9CCC /* PriceBitcoin */ = {
			isa = PBXNativeTarget;
			buildConfigurationList = 884F4A06267D2C90009B9CCC /* Build configuration list for PBXNativeTarget "PriceBitcoin" */;
			buildPhases = (
				884F49EE267D2C8E009B9CCC /* Sources */,
				884F49EF267D2C8E009B9CCC /* Frameworks */,
				884F49F0267D2C8E009B9CCC /* Resources */,
			);
			buildRules = (
			);
			dependencies = (
			);
			name = PriceBitcoin;
			productName = PriceBitcoin;
			productReference = 884F49F2267D2C8E009B9CCC /* PriceBitcoin.app */;
			productType = "com.apple.product-type.application";
		};
/* End PBXNativeTarget section */

/* Begin PBXProject section */
		884F49EA267D2C8E009B9CCC /* Project object */ = {
			isa = PBXProject;
			attributes = {
				LastSwiftUpdateCheck = 1250;
				LastUpgradeCheck = 1250;
				TargetAttributes = {
					884F49F1267D2C8E009B9CCC = {
						CreatedOnToolsVersion = 12.5;
					};
				};
			};
			buildConfigurationList = 884F49ED267D2C8E009B9CCC /* Build configuration list for PBXProject "PriceBitcoin" */;
			compatibilityVersion = "Xcode 9.3";
			developmentRegion = en;
			hasScannedForEncodings = 0;
			knownRegions = (
				en,
				Base,
			);
			mainGroup = 884F49E9267D2C8E009B9CCC;
			productRefGroup = 884F49F3267D2C8E009B9CCC /* Products */;
			projectDirPath = "";
			projectRoot = "";
			targets = (
				884F49F1267D2C8E009B9CCC /* PriceBitcoin */,
			);
		};
/* End PBXProject section */

/* Begin PBXResourcesBuildPhase section */
		884F49F0267D2C8E009B9CCC /* Resources */ = {
			isa = PBXResourcesBuildPhase;
			buildActionMask = 2147483647;
			files = (
				884F4A02267D2C90009B9CCC /* LaunchScreen.storyboard in Resources */,
				884F49FF267D2C90009B9CCC /* Assets.xcassets in Resources */,
				884F49FD267D2C8E009B9CCC /* Main.storyboard in Resources */,
			);
			runOnlyForDeploymentPostprocessing = 0;
		};
/* End PBXResourcesBuildPhase section */

/* Begin PBXSourcesBuildPhase section */
		884F49EE267D2C8E009B9CCC /* Sources */ = {
			isa = PBXSourcesBuildPhase;
			buildActionMask = 2147483647;
			files = (
				884F49FA267D2C8E009B9CCC /* ViewController.swift in Sources */,
				884F49F6267D2C8E009B9CCC /* AppDelegate.swift in Sources */,
				884F49F8267D2C8E009B9CCC /* SceneDelegate.swift in Sources */,
			);
			runOnlyForDeploymentPostprocessing = 0;
		};
/* End PBXSourcesBuildPhase section */

/* Begin PBXVariantGroup section */
		884F49FB267D2C8E009B9CCC /* Main.storyboard */ = {
			isa = PBXVariantGroup;
			children = (
				884F49FC267D2C8E009B9CCC /* Base */,
			);
			name = Main.storyboard;
			sourceTree = "<group>";
		};
		884F4A00267D2C90009B9CCC /* LaunchScreen.storyboard */ = {
			isa = PBXVariantGroup;
			children = (
				884F4A01267D2C90009B9CCC /* Base */,
			);
			name = LaunchScreen.storyboard;
			sourceTree = "<group>";
		};
/* End PBXVariantGroup section */

/* Begin XCBuildConfiguration section */
		884F4A04267D2C90009B9CCC /* Debug */ = {
			isa = XCBuildConfiguration;
			buildSettings = {
				ALWAYS_SEARCH_USER_PATHS = NO;
				CLANG_ANALYZER_NONNULL = YES;
				CLANG_ANALYZER_NUMBER_OBJECT_CONVERSION = YES_AGGRESSIVE;
				CLANG_CXX_LANGUAGE_STANDARD = "gnu++14";
				CLANG_CXX_LIBRARY = "libc++";
				CLANG_ENABLE_MODULES = YES;
				CLANG_ENABLE_OBJC_ARC = YES;
				CLANG_ENABLE_OBJC_WEAK = YES;
				CLANG_WARN_BLOCK_CAPTURE_AUTORELEASING = YES;
				CLANG_WARN_BOOL_CONVERSION = YES;
				CLANG_WARN_COMMA = YES;
				CLANG_WARN_CONSTANT_CONVERSION = YES;
				CLANG_WARN_DEPRECATED_OBJC_IMPLEMENTATIONS = YES;
				CLANG_WARN_DIRECT_OBJC_ISA_USAGE = YES_ERROR;
				CLANG_WARN_DOCUMENTATION_COMMENTS = YES;
				CLANG_WARN_EMPTY_BODY = YES;
				CLANG_WARN_ENUM_CONVERSION = YES;
				CLANG_WARN_INFINITE_RECURSION = YES;
				CLANG_WARN_INT_CONVERSION = YES;
				CLANG_WARN_NON_LITERAL_NULL_CONVERSION = YES;
				CLANG_WARN_OBJC_IMPLICIT_RETAIN_SELF = YES;
				CLANG_WARN_OBJC_LITERAL_CONVERSION = YES;
				CLANG_WARN_OBJC_ROOT_CLASS = YES_ERROR;
				CLANG_WARN_QUOTED_INCLUDE_IN_FRAMEWORK_HEADER = YES;
				CLANG_WARN_RANGE_LOOP_ANALYSIS = YES;
				CLANG_WARN_STRICT_PROTOTYPES = YES;
				CLANG_WARN_SUSPICIOUS_MOVE = YES;
				CLANG_WARN_UNGUARDED_AVAILABILITY = YES_AGGRESSIVE;
				CLANG_WARN_UNREACHABLE_CODE = YES;
				CLANG_WARN__DUPLICATE_METHOD_MATCH = YES;
				COPY_PHASE_STRIP = NO;
				DEBUG_INFORMATION_FORMAT = dwarf;
				ENABLE_STRICT_OBJC_MSGSEND = YES;
				ENABLE_TESTABILITY = YES;
				GCC_C_LANGUAGE_STANDARD = gnu11;
				GCC_DYNAMIC_NO_PIC = NO;
				GCC_NO_COMMON_BLOCKS = YES;
				GCC_OPTIMIZATION_LEVEL = 0;
				GCC_PREPROCESSOR_DEFINITIONS = (
					"DEBUG=1",
					"$(inherited)",
				);
				GCC_WARN_64_TO_32_BIT_CONVERSION = YES;
				GCC_WARN_ABOUT_RETURN_TYPE = YES_ERROR;
				GCC_WARN_UNDECLARED_SELECTOR = YES;
				GCC_WARN_UNINITIALIZED_AUTOS = YES_AGGRESSIVE;
				GCC_WARN_UNUSED_FUNCTION = YES;
				GCC_WARN_UNUSED_VARIABLE = YES;
				IPHONEOS_DEPLOYMENT_TARGET = 14.5;
				MTL_ENABLE_DEBUG_INFO = INCLUDE_SOURCE;
				MTL_FAST_MATH = YES;
				ONLY_ACTIVE_ARCH = YES;
				SDKROOT = iphoneos;
				SWIFT_ACTIVE_COMPILATION_CONDITIONS = DEBUG;
				SWIFT_OPTIMIZATION_LEVEL = "-Onone";
			};
			name = Debug;
		};
		884F4A05267D2C90009B9CCC /* Release */ = {
			isa = XCBuildConfiguration;
			buildSettings = {
				ALWAYS_SEARCH_USER_PATHS = NO;
				CLANG_ANALYZER_NONNULL = YES;
				CLANG_ANALYZER_NUMBER_OBJECT_CONVERSION = YES_AGGRESSIVE;
				CLANG_CXX_LANGUAGE_STANDARD = "gnu++14";
				CLANG_CXX_LIBRARY = "libc++";
				CLANG_ENABLE_MODULES = YES;
				CLANG_ENABLE_OBJC_ARC = YES;
				CLANG_ENABLE_OBJC_WEAK = YES;
				CLANG_WARN_BLOCK_CAPTURE_AUTORELEASING = YES;
				CLANG_WARN_BOOL_CONVERSION = YES;
				CLANG_WARN_COMMA = YES;
				CLANG_WARN_CONSTANT_CONVERSION = YES;
				CLANG_WARN_DEPRECATED_OBJC_IMPLEMENTATIONS = YES;
				CLANG_WARN_DIRECT_OBJC_ISA_USAGE = YES_ERROR;
				CLANG_WARN_DOCUMENTATION_COMMENTS = YES;
				CLANG_WARN_EMPTY_BODY = YES;
				CLANG_WARN_ENUM_CONVERSION = YES;
				CLANG_WARN_INFINITE_RECURSION = YES;
				CLANG_WARN_INT_CONVERSION = YES;
				CLANG_WARN_NON_LITERAL_NULL_CONVERSION = YES;
				CLANG_WARN_OBJC_IMPLICIT_RETAIN_SELF = YES;
				CLANG_WARN_OBJC_LITERAL_CONVERSION = YES;
				CLANG_WARN_OBJC_ROOT_CLASS = YES_ERROR;
				CLANG_WARN_QUOTED_INCLUDE_IN_FRAMEWORK_HEADER = YES;
				CLANG_WARN_RANGE_LOOP_ANALYSIS = YES;
				CLANG_WARN_STRICT_PROTOTYPES = YES;
				CLANG_WARN_SUSPICIOUS_MOVE = YES;
				CLANG_WARN_UNGUARDED_AVAILABILITY = YES_AGGRESSIVE;
				CLANG_WARN_UNREACHABLE_CODE = YES;
				CLANG_WARN__DUPLICATE_METHOD_MATCH = YES;
				COPY_PHASE_STRIP = NO;
				DEBUG_INFORMATION_FORMAT = "dwarf-with-dsym";
				ENABLE_NS_ASSERTIONS = NO;
				ENABLE_STRICT_OBJC_MSGSEND = YES;
				GCC_C_LANGUAGE_STANDARD = gnu11;
				GCC_NO_COMMON_BLOCKS = YES;
				GCC_WARN_64_TO_32_BIT_CONVERSION = YES;
				GCC_WARN_ABOUT_RETURN_TYPE = YES_ERROR;
				GCC_WARN_UNDECLARED_SELECTOR = YES;
				GCC_WARN_UNINITIALIZED_AUTOS = YES_AGGRESSIVE;
				GCC_WARN_UNUSED_FUNCTION = YES;
				GCC_WARN_UNUSED_VARIABLE = YES;
				IPHONEOS_DEPLOYMENT_TARGET = 14.5;
				MTL_ENABLE_DEBUG_INFO = NO;
				MTL_FAST_MATH = YES;
				SDKROOT = iphoneos;
				SWIFT_COMPILATION_MODE = wholemodule;
				SWIFT_OPTIMIZATION_LEVEL = "-O";
				VALIDATE_PRODUCT = YES;
			};
			name = Release;
		};
		884F4A07267D2C90009B9CCC /* Debug */ = {
			isa = XCBuildConfiguration;
			buildSettings = {
				ASSETCATALOG_COMPILER_APPICON_NAME = AppIcon;
				ASSETCATALOG_COMPILER_GLOBAL_ACCENT_COLOR_NAME = AccentColor;
				CODE_SIGN_STYLE = Automatic;
				DEVELOPMENT_TEAM = J89XP6WQS5;
				INFOPLIST_FILE = PriceBitcoin/Info.plist;
				LD_RUNPATH_SEARCH_PATHS = (
					"$(inherited)",
					"@executable_path/Frameworks",
				);
				PRODUCT_BUNDLE_IDENTIFIER = br.com.vierrra.PriceBitcoin;
				PRODUCT_NAME = "$(TARGET_NAME)";
				SWIFT_VERSION = 5.0;
				TARGETED_DEVICE_FAMILY = "1,2";
			};
			name = Debug;
		};
		884F4A08267D2C90009B9CCC /* Release */ = {
			isa = XCBuildConfiguration;
			buildSettings = {
				ASSETCATALOG_COMPILER_APPICON_NAME = AppIcon;
				ASSETCATALOG_COMPILER_GLOBAL_ACCENT_COLOR_NAME = AccentColor;
				CODE_SIGN_STYLE = Automatic;
				DEVELOPMENT_TEAM = J89XP6WQS5;
				INFOPLIST_FILE = PriceBitcoin/Info.plist;
				LD_RUNPATH_SEARCH_PATHS = (
					"$(inherited)",
					"@executable_path/Frameworks",
				);
				PRODUCT_BUNDLE_IDENTIFIER = br.com.vierrra.PriceBitcoin;
				PRODUCT_NAME = "$(TARGET_NAME)";
				SWIFT_VERSION = 5.0;
				TARGETED_DEVICE_FAMILY = "1,2";
			};
			name = Release;
		};
/* End XCBuildConfiguration section */

/* Begin XCConfigurationList section */
		884F49ED267D2C8E009B9CCC /* Build configuration list for PBXProject "PriceBitcoin" */ = {
			isa = XCConfigurationList;
			buildConfigurations = (
				884F4A04267D2C90009B9CCC /* Debug */,
				884F4A05267D2C90009B9CCC /* Release */,
			);
			defaultConfigurationIsVisible = 0;
			defaultConfigurationName = Release;
		};
		884F4A06267D2C90009B9CCC /* Build configuration list for PBXNativeTarget "PriceBitcoin" */ = {
			isa = XCConfigurationList;
			buildConfigurations = (
				884F4A07267D2C90009B9CCC /* Debug */,
				884F4A08267D2C90009B9CCC /* Release */,
			);
			defaultConfigurationIsVisible = 0;
			defaultConfigurationName = Release;
		};
/* End XCConfigurationList section */
	};
	rootObject = 884F49EA267D2C8E009B9CCC /* Project object */;
}
